// !$*UTF8*$!
{
	archiveVersion = 1;
	classes = {
	};
	objectVersion = 50;
	objects = {

/* Begin PBXBuildFile section */
		A177A22326FD81F300512368 /* AppDelegate.m in Sources */ = {isa = PBXBuildFile; fileRef = A177A22226FD81F300512368 /* AppDelegate.m */; };
		A177A22626FD81F300512368 /* SceneDelegate.m in Sources */ = {isa = PBXBuildFile; fileRef = A177A22526FD81F300512368 /* SceneDelegate.m */; };
		A177A22926FD81F300512368 /* ViewController.m in Sources */ = {isa = PBXBuildFile; fileRef = A177A22826FD81F300512368 /* ViewController.m */; };
		A177A22C26FD81F300512368 /* Main.storyboard in Resources */ = {isa = PBXBuildFile; fileRef = A177A22A26FD81F300512368 /* Main.storyboard */; };
		A177A22E26FD81F300512368 /* Assets.xcassets in Resources */ = {isa = PBXBuildFile; fileRef = A177A22D26FD81F300512368 /* Assets.xcassets */; };
		A177A23126FD81F300512368 /* LaunchScreen.storyboard in Resources */ = {isa = PBXBuildFile; fileRef = A177A22F26FD81F300512368 /* LaunchScreen.storyboard */; };
		A177A23426FD81F300512368 /* main.m in Sources */ = {isa = PBXBuildFile; fileRef = A177A23326FD81F300512368 /* main.m */; };
		A177A23E26FD81F300512368 /* MovilyTests.m in Sources */ = {isa = PBXBuildFile; fileRef = A177A23D26FD81F300512368 /* MovilyTests.m */; };
		A177A24926FD81F300512368 /* MovilyUITests.m in Sources */ = {isa = PBXBuildFile; fileRef = A177A24826FD81F300512368 /* MovilyUITests.m */; };
/* End PBXBuildFile section */

/* Begin PBXContainerItemProxy section */
		A177A23A26FD81F300512368 /* PBXContainerItemProxy */ = {
			isa = PBXContainerItemProxy;
			containerPortal = A177A21626FD81F300512368 /* Project object */;
			proxyType = 1;
			remoteGlobalIDString = A177A21D26FD81F300512368;
			remoteInfo = Movily;
		};
		A177A24526FD81F300512368 /* PBXContainerItemProxy */ = {
			isa = PBXContainerItemProxy;
			containerPortal = A177A21626FD81F300512368 /* Project object */;
			proxyType = 1;
			remoteGlobalIDString = A177A21D26FD81F300512368;
			remoteInfo = Movily;
		};
/* End PBXContainerItemProxy section */

/* Begin PBXFileReference section */
		A177A21E26FD81F300512368 /* Movily.app */ = {isa = PBXFileReference; explicitFileType = wrapper.application; includeInIndex = 0; path = Movily.app; sourceTree = BUILT_PRODUCTS_DIR; };
		A177A22126FD81F300512368 /* AppDelegate.h */ = {isa = PBXFileReference; lastKnownFileType = sourcecode.c.h; path = AppDelegate.h; sourceTree = "<group>"; };
		A177A22226FD81F300512368 /* AppDelegate.m */ = {isa = PBXFileReference; lastKnownFileType = sourcecode.c.objc; path = AppDelegate.m; sourceTree = "<group>"; };
		A177A22426FD81F300512368 /* SceneDelegate.h */ = {isa = PBXFileReference; lastKnownFileType = sourcecode.c.h; path = SceneDelegate.h; sourceTree = "<group>"; };
		A177A22526FD81F300512368 /* SceneDelegate.m */ = {isa = PBXFileReference; lastKnownFileType = sourcecode.c.objc; path = SceneDelegate.m; sourceTree = "<group>"; };
		A177A22726FD81F300512368 /* ViewController.h */ = {isa = PBXFileReference; lastKnownFileType = sourcecode.c.h; path = ViewController.h; sourceTree = "<group>"; };
		A177A22826FD81F300512368 /* ViewController.m */ = {isa = PBXFileReference; lastKnownFileType = sourcecode.c.objc; path = ViewController.m; sourceTree = "<group>"; };
		A177A22B26FD81F300512368 /* Base */ = {isa = PBXFileReference; lastKnownFileType = file.storyboard; name = Base; path = Base.lproj/Main.storyboard; sourceTree = "<group>"; };
		A177A22D26FD81F300512368 /* Assets.xcassets */ = {isa = PBXFileReference; lastKnownFileType = folder.assetcatalog; path = Assets.xcassets; sourceTree = "<group>"; };
		A177A23026FD81F300512368 /* Base */ = {isa = PBXFileReference; lastKnownFileType = file.storyboard; name = Base; path = Base.lproj/LaunchScreen.storyboard; sourceTree = "<group>"; };
		A177A23226FD81F300512368 /* Info.plist */ = {isa = PBXFileReference; lastKnownFileType = text.plist.xml; path = Info.plist; sourceTree = "<group>"; };
		A177A23326FD81F300512368 /* main.m */ = {isa = PBXFileReference; lastKnownFileType = sourcecode.c.objc; path = main.m; sourceTree = "<group>"; };
		A177A23926FD81F300512368 /* MovilyTests.xctest */ = {isa = PBXFileReference; explicitFileType = wrapper.cfbundle; includeInIndex = 0; path = MovilyTests.xctest; sourceTree = BUILT_PRODUCTS_DIR; };
		A177A23D26FD81F300512368 /* MovilyTests.m */ = {isa = PBXFileReference; lastKnownFileType = sourcecode.c.objc; path = MovilyTests.m; sourceTree = "<group>"; };
		A177A23F26FD81F300512368 /* Info.plist */ = {isa = PBXFileReference; lastKnownFileType = text.plist.xml; path = Info.plist; sourceTree = "<group>"; };
		A177A24426FD81F300512368 /* MovilyUITests.xctest */ = {isa = PBXFileReference; explicitFileType = wrapper.cfbundle; includeInIndex = 0; path = MovilyUITests.xctest; sourceTree = BUILT_PRODUCTS_DIR; };
		A177A24826FD81F300512368 /* MovilyUITests.m */ = {isa = PBXFileReference; lastKnownFileType = sourcecode.c.objc; path = MovilyUITests.m; sourceTree = "<group>"; };
		A177A24A26FD81F300512368 /* Info.plist */ = {isa = PBXFileReference; lastKnownFileType = text.plist.xml; path = Info.plist; sourceTree = "<group>"; };
/* End PBXFileReference section */

/* Begin PBXFrameworksBuildPhase section */
		A177A21B26FD81F300512368 /* Frameworks */ = {
			isa = PBXFrameworksBuildPhase;
			buildActionMask = 2147483647;
			files = (
			);
			runOnlyForDeploymentPostprocessing = 0;
		};
		A177A23626FD81F300512368 /* Frameworks */ = {
			isa = PBXFrameworksBuildPhase;
			buildActionMask = 2147483647;
			files = (
			);
			runOnlyForDeploymentPostprocessing = 0;
		};
		A177A24126FD81F300512368 /* Frameworks */ = {
			isa = PBXFrameworksBuildPhase;
			buildActionMask = 2147483647;
			files = (
			);
			runOnlyForDeploymentPostprocessing = 0;
		};
/* End PBXFrameworksBuildPhase section */

/* Begin PBXGroup section */
		A177A21526FD81F300512368 = {
			isa = PBXGroup;
			children = (
				A177A22026FD81F300512368 /* Movily */,
				A177A23C26FD81F300512368 /* MovilyTests */,
				A177A24726FD81F300512368 /* MovilyUITests */,
				A177A21F26FD81F300512368 /* Products */,
			);
			sourceTree = "<group>";
		};
		A177A21F26FD81F300512368 /* Products */ = {
			isa = PBXGroup;
			children = (
				A177A21E26FD81F300512368 /* Movily.app */,
				A177A23926FD81F300512368 /* MovilyTests.xctest */,
				A177A24426FD81F300512368 /* MovilyUITests.xctest */,
			);
			name = Products;
			sourceTree = "<group>";
		};
		A177A22026FD81F300512368 /* Movily */ = {
			isa = PBXGroup;
			children = (
				A177A22126FD81F300512368 /* AppDelegate.h */,
				A177A22226FD81F300512368 /* AppDelegate.m */,
				A177A22426FD81F300512368 /* SceneDelegate.h */,
				A177A22526FD81F300512368 /* SceneDelegate.m */,
				A177A22726FD81F300512368 /* ViewController.h */,
				A177A22826FD81F300512368 /* ViewController.m */,
				A177A22A26FD81F300512368 /* Main.storyboard */,
				A177A22D26FD81F300512368 /* Assets.xcassets */,
				A177A22F26FD81F300512368 /* LaunchScreen.storyboard */,
				A177A23226FD81F300512368 /* Info.plist */,
				A177A23326FD81F300512368 /* main.m */,
			);
			path = Movily;
			sourceTree = "<group>";
		};
		A177A23C26FD81F300512368 /* MovilyTests */ = {
			isa = PBXGroup;
			children = (
				A177A23D26FD81F300512368 /* MovilyTests.m */,
				A177A23F26FD81F300512368 /* Info.plist */,
			);
			path = MovilyTests;
			sourceTree = "<group>";
		};
		A177A24726FD81F300512368 /* MovilyUITests */ = {
			isa = PBXGroup;
			children = (
				A177A24826FD81F300512368 /* MovilyUITests.m */,
				A177A24A26FD81F300512368 /* Info.plist */,
			);
			path = MovilyUITests;
			sourceTree = "<group>";
		};
/* End PBXGroup section */

/* Begin PBXNativeTarget section */
		A177A21D26FD81F300512368 /* Movily */ = {
			isa = PBXNativeTarget;
			buildConfigurationList = A177A24D26FD81F300512368 /* Build configuration list for PBXNativeTarget "Movily" */;
			buildPhases = (
				A177A21A26FD81F300512368 /* Sources */,
				A177A21B26FD81F300512368 /* Frameworks */,
				A177A21C26FD81F300512368 /* Resources */,
			);
			buildRules = (
			);
			dependencies = (
			);
			name = Movily;
			productName = Movily;
			productReference = A177A21E26FD81F300512368 /* Movily.app */;
			productType = "com.apple.product-type.application";
		};
		A177A23826FD81F300512368 /* MovilyTests */ = {
			isa = PBXNativeTarget;
			buildConfigurationList = A177A25026FD81F300512368 /* Build configuration list for PBXNativeTarget "MovilyTests" */;
			buildPhases = (
				A177A23526FD81F300512368 /* Sources */,
				A177A23626FD81F300512368 /* Frameworks */,
				A177A23726FD81F300512368 /* Resources */,
			);
			buildRules = (
			);
			dependencies = (
				A177A23B26FD81F300512368 /* PBXTargetDependency */,
			);
			name = MovilyTests;
			productName = MovilyTests;
			productReference = A177A23926FD81F300512368 /* MovilyTests.xctest */;
			productType = "com.apple.product-type.bundle.unit-test";
		};
		A177A24326FD81F300512368 /* MovilyUITests */ = {
			isa = PBXNativeTarget;
			buildConfigurationList = A177A25326FD81F300512368 /* Build configuration list for PBXNativeTarget "MovilyUITests" */;
			buildPhases = (
				A177A24026FD81F300512368 /* Sources */,
				A177A24126FD81F300512368 /* Frameworks */,
				A177A24226FD81F300512368 /* Resources */,
			);
			buildRules = (
			);
			dependencies = (
				A177A24626FD81F300512368 /* PBXTargetDependency */,
			);
			name = MovilyUITests;
			productName = MovilyUITests;
			productReference = A177A24426FD81F300512368 /* MovilyUITests.xctest */;
			productType = "com.apple.product-type.bundle.ui-testing";
		};
/* End PBXNativeTarget section */

/* Begin PBXProject section */
		A177A21626FD81F300512368 /* Project object */ = {
			isa = PBXProject;
			attributes = {
				LastUpgradeCheck = 1250;
				TargetAttributes = {
					A177A21D26FD81F300512368 = {
						CreatedOnToolsVersion = 12.5;
					};
					A177A23826FD81F300512368 = {
						CreatedOnToolsVersion = 12.5;
						TestTargetID = A177A21D26FD81F300512368;
					};
					A177A24326FD81F300512368 = {
						CreatedOnToolsVersion = 12.5;
						TestTargetID = A177A21D26FD81F300512368;
					};
				};
			};
			buildConfigurationList = A177A21926FD81F300512368 /* Build configuration list for PBXProject "Movily" */;
			compatibilityVersion = "Xcode 9.3";
			developmentRegion = en;
			hasScannedForEncodings = 0;
			knownRegions = (
				en,
				Base,
			);
			mainGroup = A177A21526FD81F300512368;
			productRefGroup = A177A21F26FD81F300512368 /* Products */;
			projectDirPath = "";
			projectRoot = "";
			targets = (
				A177A21D26FD81F300512368 /* Movily */,
				A177A23826FD81F300512368 /* MovilyTests */,
				A177A24326FD81F300512368 /* MovilyUITests */,
			);
		};
/* End PBXProject section */

/* Begin PBXResourcesBuildPhase section */
		A177A21C26FD81F300512368 /* Resources */ = {
			isa = PBXResourcesBuildPhase;
			buildActionMask = 2147483647;
			files = (
				A177A23126FD81F300512368 /* LaunchScreen.storyboard in Resources */,
				A177A22E26FD81F300512368 /* Assets.xcassets in Resources */,
				A177A22C26FD81F300512368 /* Main.storyboard in Resources */,
			);
			runOnlyForDeploymentPostprocessing = 0;
		};
		A177A23726FD81F300512368 /* Resources */ = {
			isa = PBXResourcesBuildPhase;
			buildActionMask = 2147483647;
			files = (
			);
			runOnlyForDeploymentPostprocessing = 0;
		};
		A177A24226FD81F300512368 /* Resources */ = {
			isa = PBXResourcesBuildPhase;
			buildActionMask = 2147483647;
			files = (
			);
			runOnlyForDeploymentPostprocessing = 0;
		};
/* End PBXResourcesBuildPhase section */

/* Begin PBXSourcesBuildPhase section */
		A177A21A26FD81F300512368 /* Sources */ = {
			isa = PBXSourcesBuildPhase;
			buildActionMask = 2147483647;
			files = (
				A177A22926FD81F300512368 /* ViewController.m in Sources */,
				A177A22326FD81F300512368 /* AppDelegate.m in Sources */,
				A177A23426FD81F300512368 /* main.m in Sources */,
				A177A22626FD81F300512368 /* SceneDelegate.m in Sources */,
			);
			runOnlyForDeploymentPostprocessing = 0;
		};
		A177A23526FD81F300512368 /* Sources */ = {
			isa = PBXSourcesBuildPhase;
			buildActionMask = 2147483647;
			files = (
				A177A23E26FD81F300512368 /* MovilyTests.m in Sources */,
			);
			runOnlyForDeploymentPostprocessing = 0;
		};
		A177A24026FD81F300512368 /* Sources */ = {
			isa = PBXSourcesBuildPhase;
			buildActionMask = 2147483647;
			files = (
				A177A24926FD81F300512368 /* MovilyUITests.m in Sources */,
			);
			runOnlyForDeploymentPostprocessing = 0;
		};
/* End PBXSourcesBuildPhase section */

/* Begin PBXTargetDependency section */
		A177A23B26FD81F300512368 /* PBXTargetDependency */ = {
			isa = PBXTargetDependency;
			target = A177A21D26FD81F300512368 /* Movily */;
			targetProxy = A177A23A26FD81F300512368 /* PBXContainerItemProxy */;
		};
		A177A24626FD81F300512368 /* PBXTargetDependency */ = {
			isa = PBXTargetDependency;
			target = A177A21D26FD81F300512368 /* Movily */;
			targetProxy = A177A24526FD81F300512368 /* PBXContainerItemProxy */;
		};
/* End PBXTargetDependency section */

/* Begin PBXVariantGroup section */
		A177A22A26FD81F300512368 /* Main.storyboard */ = {
			isa = PBXVariantGroup;
			children = (
				A177A22B26FD81F300512368 /* Base */,
			);
			name = Main.storyboard;
			sourceTree = "<group>";
		};
		A177A22F26FD81F300512368 /* LaunchScreen.storyboard */ = {
			isa = PBXVariantGroup;
			children = (
				A177A23026FD81F300512368 /* Base */,
			);
			name = LaunchScreen.storyboard;
			sourceTree = "<group>";
		};
/* End PBXVariantGroup section */

/* Begin XCBuildConfiguration section */
		A177A24B26FD81F300512368 /* Debug */ = {
			isa = XCBuildConfiguration;
			buildSettings = {
				ALWAYS_SEARCH_USER_PATHS = NO;
				CLANG_ANALYZER_NONNULL = YES;
				CLANG_ANALYZER_NUMBER_OBJECT_CONVERSION = YES_AGGRESSIVE;
				CLANG_CXX_LANGUAGE_STANDARD = "gnu++14";
				CLANG_CXX_LIBRARY = "libc++";
				CLANG_ENABLE_MODULES = YES;
				CLANG_ENABLE_OBJC_ARC = YES;
				CLANG_ENABLE_OBJC_WEAK = YES;
				CLANG_WARN_BLOCK_CAPTURE_AUTORELEASING = YES;
				CLANG_WARN_BOOL_CONVERSION = YES;
				CLANG_WARN_COMMA = YES;
				CLANG_WARN_CONSTANT_CONVERSION = YES;
				CLANG_WARN_DEPRECATED_OBJC_IMPLEMENTATIONS = YES;
				CLANG_WARN_DIRECT_OBJC_ISA_USAGE = YES_ERROR;
				CLANG_WARN_DOCUMENTATION_COMMENTS = YES;
				CLANG_WARN_EMPTY_BODY = YES;
				CLANG_WARN_ENUM_CONVERSION = YES;
				CLANG_WARN_INFINITE_RECURSION = YES;
				CLANG_WARN_INT_CONVERSION = YES;
				CLANG_WARN_NON_LITERAL_NULL_CONVERSION = YES;
				CLANG_WARN_OBJC_IMPLICIT_RETAIN_SELF = YES;
				CLANG_WARN_OBJC_LITERAL_CONVERSION = YES;
				CLANG_WARN_OBJC_ROOT_CLASS = YES_ERROR;
				CLANG_WARN_QUOTED_INCLUDE_IN_FRAMEWORK_HEADER = YES;
				CLANG_WARN_RANGE_LOOP_ANALYSIS = YES;
				CLANG_WARN_STRICT_PROTOTYPES = YES;
				CLANG_WARN_SUSPICIOUS_MOVE = YES;
				CLANG_WARN_UNGUARDED_AVAILABILITY = YES_AGGRESSIVE;
				CLANG_WARN_UNREACHABLE_CODE = YES;
				CLANG_WARN__DUPLICATE_METHOD_MATCH = YES;
				COPY_PHASE_STRIP = NO;
				DEBUG_INFORMATION_FORMAT = dwarf;
				ENABLE_STRICT_OBJC_MSGSEND = YES;
				ENABLE_TESTABILITY = YES;
				GCC_C_LANGUAGE_STANDARD = gnu11;
				GCC_DYNAMIC_NO_PIC = NO;
				GCC_NO_COMMON_BLOCKS = YES;
				GCC_OPTIMIZATION_LEVEL = 0;
				GCC_PREPROCESSOR_DEFINITIONS = (
					"DEBUG=1",
					"$(inherited)",
				);
				GCC_WARN_64_TO_32_BIT_CONVERSION = YES;
				GCC_WARN_ABOUT_RETURN_TYPE = YES_ERROR;
				GCC_WARN_UNDECLARED_SELECTOR = YES;
				GCC_WARN_UNINITIALIZED_AUTOS = YES_AGGRESSIVE;
				GCC_WARN_UNUSED_FUNCTION = YES;
				GCC_WARN_UNUSED_VARIABLE = YES;
				IPHONEOS_DEPLOYMENT_TARGET = 14.5;
				MTL_ENABLE_DEBUG_INFO = INCLUDE_SOURCE;
				MTL_FAST_MATH = YES;
				ONLY_ACTIVE_ARCH = YES;
				SDKROOT = iphoneos;
			};
			name = Debug;
		};
		A177A24C26FD81F300512368 /* Release */ = {
			isa = XCBuildConfiguration;
			buildSettings = {
				ALWAYS_SEARCH_USER_PATHS = NO;
				CLANG_ANALYZER_NONNULL = YES;
				CLANG_ANALYZER_NUMBER_OBJECT_CONVERSION = YES_AGGRESSIVE;
				CLANG_CXX_LANGUAGE_STANDARD = "gnu++14";
				CLANG_CXX_LIBRARY = "libc++";
				CLANG_ENABLE_MODULES = YES;
				CLANG_ENABLE_OBJC_ARC = YES;
				CLANG_ENABLE_OBJC_WEAK = YES;
				CLANG_WARN_BLOCK_CAPTURE_AUTORELEASING = YES;
				CLANG_WARN_BOOL_CONVERSION = YES;
				CLANG_WARN_COMMA = YES;
				CLANG_WARN_CONSTANT_CONVERSION = YES;
				CLANG_WARN_DEPRECATED_OBJC_IMPLEMENTATIONS = YES;
				CLANG_WARN_DIRECT_OBJC_ISA_USAGE = YES_ERROR;
				CLANG_WARN_DOCUMENTATION_COMMENTS = YES;
				CLANG_WARN_EMPTY_BODY = YES;
				CLANG_WARN_ENUM_CONVERSION = YES;
				CLANG_WARN_INFINITE_RECURSION = YES;
				CLANG_WARN_INT_CONVERSION = YES;
				CLANG_WARN_NON_LITERAL_NULL_CONVERSION = YES;
				CLANG_WARN_OBJC_IMPLICIT_RETAIN_SELF = YES;
				CLANG_WARN_OBJC_LITERAL_CONVERSION = YES;
				CLANG_WARN_OBJC_ROOT_CLASS = YES_ERROR;
				CLANG_WARN_QUOTED_INCLUDE_IN_FRAMEWORK_HEADER = YES;
				CLANG_WARN_RANGE_LOOP_ANALYSIS = YES;
				CLANG_WARN_STRICT_PROTOTYPES = YES;
				CLANG_WARN_SUSPICIOUS_MOVE = YES;
				CLANG_WARN_UNGUARDED_AVAILABILITY = YES_AGGRESSIVE;
				CLANG_WARN_UNREACHABLE_CODE = YES;
				CLANG_WARN__DUPLICATE_METHOD_MATCH = YES;
				COPY_PHASE_STRIP = NO;
				DEBUG_INFORMATION_FORMAT = "dwarf-with-dsym";
				ENABLE_NS_ASSERTIONS = NO;
				ENABLE_STRICT_OBJC_MSGSEND = YES;
				GCC_C_LANGUAGE_STANDARD = gnu11;
				GCC_NO_COMMON_BLOCKS = YES;
				GCC_WARN_64_TO_32_BIT_CONVERSION = YES;
				GCC_WARN_ABOUT_RETURN_TYPE = YES_ERROR;
				GCC_WARN_UNDECLARED_SELECTOR = YES;
				GCC_WARN_UNINITIALIZED_AUTOS = YES_AGGRESSIVE;
				GCC_WARN_UNUSED_FUNCTION = YES;
				GCC_WARN_UNUSED_VARIABLE = YES;
				IPHONEOS_DEPLOYMENT_TARGET = 14.5;
				MTL_ENABLE_DEBUG_INFO = NO;
				MTL_FAST_MATH = YES;
				SDKROOT = iphoneos;
				VALIDATE_PRODUCT = YES;
			};
			name = Release;
		};
		A177A24E26FD81F300512368 /* Debug */ = {
			isa = XCBuildConfiguration;
			buildSettings = {
				ASSETCATALOG_COMPILER_APPICON_NAME = AppIcon;
				ASSETCATALOG_COMPILER_GLOBAL_ACCENT_COLOR_NAME = AccentColor;
				CODE_SIGN_STYLE = Automatic;
				INFOPLIST_FILE = Movily/Info.plist;
				LD_RUNPATH_SEARCH_PATHS = (
					"$(inherited)",
					"@executable_path/Frameworks",
				);
				PRODUCT_BUNDLE_IDENTIFIER = com.example.Movily;
				PRODUCT_NAME = "$(TARGET_NAME)";
				TARGETED_DEVICE_FAMILY = "1,2";
			};
			name = Debug;
		};
		A177A24F26FD81F300512368 /* Release */ = {
			isa = XCBuildConfiguration;
			buildSettings = {
				ASSETCATALOG_COMPILER_APPICON_NAME = AppIcon;
				ASSETCATALOG_COMPILER_GLOBAL_ACCENT_COLOR_NAME = AccentColor;
				CODE_SIGN_STYLE = Automatic;
				INFOPLIST_FILE = Movily/Info.plist;
				LD_RUNPATH_SEARCH_PATHS = (
					"$(inherited)",
					"@executable_path/Frameworks",
				);
				PRODUCT_BUNDLE_IDENTIFIER = com.example.Movily;
				PRODUCT_NAME = "$(TARGET_NAME)";
				TARGETED_DEVICE_FAMILY = "1,2";
			};
			name = Release;
		};
		A177A25126FD81F300512368 /* Debug */ = {
			isa = XCBuildConfiguration;
			buildSettings = {
				BUNDLE_LOADER = "$(TEST_HOST)";
				CODE_SIGN_STYLE = Automatic;
				INFOPLIST_FILE = MovilyTests/Info.plist;
				IPHONEOS_DEPLOYMENT_TARGET = 14.5;
				LD_RUNPATH_SEARCH_PATHS = (
					"$(inherited)",
					"@executable_path/Frameworks",
					"@loader_path/Frameworks",
				);
				PRODUCT_BUNDLE_IDENTIFIER = com.example.MovilyTests;
				PRODUCT_NAME = "$(TARGET_NAME)";
				TARGETED_DEVICE_FAMILY = "1,2";
				TEST_HOST = "$(BUILT_PRODUCTS_DIR)/Movily.app/Movily";
			};
			name = Debug;
		};
		A177A25226FD81F300512368 /* Release */ = {
			isa = XCBuildConfiguration;
			buildSettings = {
				BUNDLE_LOADER = "$(TEST_HOST)";
				CODE_SIGN_STYLE = Automatic;
				INFOPLIST_FILE = MovilyTests/Info.plist;
				IPHONEOS_DEPLOYMENT_TARGET = 14.5;
				LD_RUNPATH_SEARCH_PATHS = (
					"$(inherited)",
					"@executable_path/Frameworks",
					"@loader_path/Frameworks",
				);
				PRODUCT_BUNDLE_IDENTIFIER = com.example.MovilyTests;
				PRODUCT_NAME = "$(TARGET_NAME)";
				TARGETED_DEVICE_FAMILY = "1,2";
				TEST_HOST = "$(BUILT_PRODUCTS_DIR)/Movily.app/Movily";
			};
			name = Release;
		};
		A177A25426FD81F300512368 /* Debug */ = {
			isa = XCBuildConfiguration;
			buildSettings = {
				CODE_SIGN_STYLE = Automatic;
				INFOPLIST_FILE = MovilyUITests/Info.plist;
				LD_RUNPATH_SEARCH_PATHS = (
					"$(inherited)",
					"@executable_path/Frameworks",
					"@loader_path/Frameworks",
				);
				PRODUCT_BUNDLE_IDENTIFIER = com.example.MovilyUITests;
				PRODUCT_NAME = "$(TARGET_NAME)";
				TARGETED_DEVICE_FAMILY = "1,2";
				TEST_TARGET_NAME = Movily;
			};
			name = Debug;
		};
		A177A25526FD81F300512368 /* Release */ = {
			isa = XCBuildConfiguration;
			buildSettings = {
				CODE_SIGN_STYLE = Automatic;
				INFOPLIST_FILE = MovilyUITests/Info.plist;
				LD_RUNPATH_SEARCH_PATHS = (
					"$(inherited)",
					"@executable_path/Frameworks",
					"@loader_path/Frameworks",
				);
				PRODUCT_BUNDLE_IDENTIFIER = com.example.MovilyUITests;
				PRODUCT_NAME = "$(TARGET_NAME)";
				TARGETED_DEVICE_FAMILY = "1,2";
				TEST_TARGET_NAME = Movily;
			};
			name = Release;
		};
/* End XCBuildConfiguration section */

/* Begin XCConfigurationList section */
		A177A21926FD81F300512368 /* Build configuration list for PBXProject "Movily" */ = {
			isa = XCConfigurationList;
			buildConfigurations = (
				A177A24B26FD81F300512368 /* Debug */,
				A177A24C26FD81F300512368 /* Release */,
			);
			defaultConfigurationIsVisible = 0;
			defaultConfigurationName = Release;
		};
		A177A24D26FD81F300512368 /* Build configuration list for PBXNativeTarget "Movily" */ = {
			isa = XCConfigurationList;
			buildConfigurations = (
				A177A24E26FD81F300512368 /* Debug */,
				A177A24F26FD81F300512368 /* Release */,
			);
			defaultConfigurationIsVisible = 0;
			defaultConfigurationName = Release;
		};
		A177A25026FD81F300512368 /* Build configuration list for PBXNativeTarget "MovilyTests" */ = {
			isa = XCConfigurationList;
			buildConfigurations = (
				A177A25126FD81F300512368 /* Debug */,
				A177A25226FD81F300512368 /* Release */,
			);
			defaultConfigurationIsVisible = 0;
			defaultConfigurationName = Release;
		};
		A177A25326FD81F300512368 /* Build configuration list for PBXNativeTarget "MovilyUITests" */ = {
			isa = XCConfigurationList;
			buildConfigurations = (
				A177A25426FD81F300512368 /* Debug */,
				A177A25526FD81F300512368 /* Release */,
			);
			defaultConfigurationIsVisible = 0;
			defaultConfigurationName = Release;
		};
/* End XCConfigurationList section */
	};
	rootObject = A177A21626FD81F300512368 /* Project object */;
}
